
Microsoft Visual Studio Solution File, Format Version 12.00
# Visual Studio Version 16
VisualStudioVersion = 16.0.31501.217
MinimumVisualStudioVersion = 10.0.40219.1
Project("{FAE04EC0-301F-11D3-BF4B-00C04F79EFBC}") = "StringCalculator3", "StringCalculator3\StringCalculator3.csproj", "{FBF4034D-49D5-43F7-97DB-636FFDB2EF6F}"
EndProject
Project("{FAE04EC0-301F-11D3-BF4B-00C04F79EFBC}") = "StringCalculator3.Tests", "StringCalculator3.Tests\StringCalculator3.Tests.csproj", "{690841AB-EBED-451B-A587-7EA29F332E00}"
EndProject
Global
	GlobalSection(SolutionConfigurationPlatforms) = preSolution
		Debug|Any CPU = Debug|Any CPU
		Release|Any CPU = Release|Any CPU
	EndGlobalSection
	GlobalSection(ProjectConfigurationPlatforms) = postSolution
		{FBF4034D-49D5-43F7-97DB-636FFDB2EF6F}.Debug|Any CPU.ActiveCfg = Debug|Any CPU
		{FBF4034D-49D5-43F7-97DB-636FFDB2EF6F}.Debug|Any CPU.Build.0 = Debug|Any CPU
		{FBF4034D-49D5-43F7-97DB-636FFDB2EF6F}.Release|Any CPU.ActiveCfg = Release|Any CPU
		{FBF4034D-49D5-43F7-97DB-636FFDB2EF6F}.Release|Any CPU.Build.0 = Release|Any CPU
		{690841AB-EBED-451B-A587-7EA29F332E00}.Debug|Any CPU.ActiveCfg = Debug|Any CPU
		{690841AB-EBED-451B-A587-7EA29F332E00}.Debug|Any CPU.Build.0 = Debug|Any CPU
		{690841AB-EBED-451B-A587-7EA29F332E00}.Release|Any CPU.ActiveCfg = Release|Any CPU
		{690841AB-EBED-451B-A587-7EA29F332E00}.Release|Any CPU.Build.0 = Release|Any CPU
	EndGlobalSection
	GlobalSection(SolutionProperties) = preSolution
		HideSolutionNode = FALSE
	EndGlobalSection
	GlobalSection(ExtensibilityGlobals) = postSolution
		SolutionGuid = {5A56008E-F6A6-4D81-A030-0BA3C3E956D8}
	EndGlobalSection
EndGlobal
